
Microsoft Visual Studio Solution File, Format Version 12.00
# Visual Studio Version 17
VisualStudioVersion = 17.5.002.0
MinimumVisualStudioVersion = 10.0.40219.1
Project("{9A19103F-16F7-4668-BE54-9A1E7A4F7556}") = "BlogPessoal", "BlogPessoal.csproj", "{84BEF9E9-0E00-43F1-A92A-4816DBAFA140}"
EndProject
Global
	GlobalSection(SolutionConfigurationPlatforms) = preSolution
		Debug|Any CPU = Debug|Any CPU
		Release|Any CPU = Release|Any CPU
	EndGlobalSection
	GlobalSection(ProjectConfigurationPlatforms) = postSolution
		{84BEF9E9-0E00-43F1-A92A-4816DBAFA140}.Debug|Any CPU.ActiveCfg = Debug|Any CPU
		{84BEF9E9-0E00-43F1-A92A-4816DBAFA140}.Debug|Any CPU.Build.0 = Debug|Any CPU
		{84BEF9E9-0E00-43F1-A92A-4816DBAFA140}.Release|Any CPU.ActiveCfg = Release|Any CPU
		{84BEF9E9-0E00-43F1-A92A-4816DBAFA140}.Release|Any CPU.Build.0 = Release|Any CPU
	EndGlobalSection
	GlobalSection(SolutionProperties) = preSolution
		HideSolutionNode = FALSE
	EndGlobalSection
	GlobalSection(ExtensibilityGlobals) = postSolution
		SolutionGuid = {BEAF61A3-22B5-485D-9631-3ADF8ED71C2A}
	EndGlobalSection
EndGlobal
